
Microsoft Visual Studio Solution File, Format Version 12.00
# Visual Studio Version 17
VisualStudioVersion = 17.9.34902.65
MinimumVisualStudioVersion = 10.0.40219.1
Project("{FAE04EC0-301F-11D3-BF4B-00C04F79EFBC}") = "Project-Work-API", "Project-Work-API\Project-Work-API.csproj", "{6052D677-142F-44D5-93FE-1D473E2B23B6}"
EndProject
Global
	GlobalSection(SolutionConfigurationPlatforms) = preSolution
		Debug|Any CPU = Debug|Any CPU
		Release|Any CPU = Release|Any CPU
	EndGlobalSection
	GlobalSection(ProjectConfigurationPlatforms) = postSolution
		{6052D677-142F-44D5-93FE-1D473E2B23B6}.Debug|Any CPU.ActiveCfg = Debug|Any CPU
		{6052D677-142F-44D5-93FE-1D473E2B23B6}.Debug|Any CPU.Build.0 = Debug|Any CPU
		{6052D677-142F-44D5-93FE-1D473E2B23B6}.Release|Any CPU.ActiveCfg = Release|Any CPU
		{6052D677-142F-44D5-93FE-1D473E2B23B6}.Release|Any CPU.Build.0 = Release|Any CPU
	EndGlobalSection
	GlobalSection(SolutionProperties) = preSolution
		HideSolutionNode = FALSE
	EndGlobalSection
	GlobalSection(ExtensibilityGlobals) = postSolution
		SolutionGuid = {AFB61550-CECC-4F02-966B-20D7E1902673}
	EndGlobalSection
EndGlobal
