
Microsoft Visual Studio Solution File, Format Version 12.00
# Visual Studio Version 17
VisualStudioVersion = 17.7.34009.444
MinimumVisualStudioVersion = 10.0.40219.1
Project("{FAE04EC0-301F-11D3-BF4B-00C04F79EFBC}") = "14-2", "14-2\14-2.csproj", "{FABA8D9F-B333-4A56-B478-63356A9B5052}"
EndProject
Global
	GlobalSection(SolutionConfigurationPlatforms) = preSolution
		Debug|Any CPU = Debug|Any CPU
		Release|Any CPU = Release|Any CPU
	EndGlobalSection
	GlobalSection(ProjectConfigurationPlatforms) = postSolution
		{FABA8D9F-B333-4A56-B478-63356A9B5052}.Debug|Any CPU.ActiveCfg = Debug|Any CPU
		{FABA8D9F-B333-4A56-B478-63356A9B5052}.Debug|Any CPU.Build.0 = Debug|Any CPU
		{FABA8D9F-B333-4A56-B478-63356A9B5052}.Release|Any CPU.ActiveCfg = Release|Any CPU
		{FABA8D9F-B333-4A56-B478-63356A9B5052}.Release|Any CPU.Build.0 = Release|Any CPU
	EndGlobalSection
	GlobalSection(SolutionProperties) = preSolution
		HideSolutionNode = FALSE
	EndGlobalSection
	GlobalSection(ExtensibilityGlobals) = postSolution
		SolutionGuid = {8692E524-9F5B-4BC8-A935-248AE162E0E6}
	EndGlobalSection
EndGlobal
