
Microsoft Visual Studio Solution File, Format Version 12.00
# Visual Studio Version 17
VisualStudioVersion = 17.8.34322.80
MinimumVisualStudioVersion = 10.0.40219.1
Project("{FAE04EC0-301F-11D3-BF4B-00C04F79EFBC}") = "26", "26\26.csproj", "{3E834807-4584-442C-8702-30FCECDC919B}"
EndProject
Global
	GlobalSection(SolutionConfigurationPlatforms) = preSolution
		Debug|Any CPU = Debug|Any CPU
		Release|Any CPU = Release|Any CPU
	EndGlobalSection
	GlobalSection(ProjectConfigurationPlatforms) = postSolution
		{3E834807-4584-442C-8702-30FCECDC919B}.Debug|Any CPU.ActiveCfg = Debug|Any CPU
		{3E834807-4584-442C-8702-30FCECDC919B}.Debug|Any CPU.Build.0 = Debug|Any CPU
		{3E834807-4584-442C-8702-30FCECDC919B}.Release|Any CPU.ActiveCfg = Release|Any CPU
		{3E834807-4584-442C-8702-30FCECDC919B}.Release|Any CPU.Build.0 = Release|Any CPU
	EndGlobalSection
	GlobalSection(SolutionProperties) = preSolution
		HideSolutionNode = FALSE
	EndGlobalSection
	GlobalSection(ExtensibilityGlobals) = postSolution
		SolutionGuid = {A94302E7-2541-440C-86A1-3D6CD7117DF1}
	EndGlobalSection
EndGlobal
