
Microsoft Visual Studio Solution File, Format Version 12.00
# Visual Studio Version 17
VisualStudioVersion = 17.5.33424.131
MinimumVisualStudioVersion = 10.0.40219.1
Project("{8BC9CEB8-8B4A-11D0-8D11-00A0C91BC942}") = "16.02-2", "16.02-2\16.02-2.vcxproj", "{C34DBDF0-2354-4D92-B6FE-87345CCBE986}"
EndProject
Global
	GlobalSection(SolutionConfigurationPlatforms) = preSolution
		Debug|x64 = Debug|x64
		Debug|x86 = Debug|x86
		Release|x64 = Release|x64
		Release|x86 = Release|x86
	EndGlobalSection
	GlobalSection(ProjectConfigurationPlatforms) = postSolution
		{C34DBDF0-2354-4D92-B6FE-87345CCBE986}.Debug|x64.ActiveCfg = Debug|x64
		{C34DBDF0-2354-4D92-B6FE-87345CCBE986}.Debug|x64.Build.0 = Debug|x64
		{C34DBDF0-2354-4D92-B6FE-87345CCBE986}.Debug|x86.ActiveCfg = Debug|Win32
		{C34DBDF0-2354-4D92-B6FE-87345CCBE986}.Debug|x86.Build.0 = Debug|Win32
		{C34DBDF0-2354-4D92-B6FE-87345CCBE986}.Release|x64.ActiveCfg = Release|x64
		{C34DBDF0-2354-4D92-B6FE-87345CCBE986}.Release|x64.Build.0 = Release|x64
		{C34DBDF0-2354-4D92-B6FE-87345CCBE986}.Release|x86.ActiveCfg = Release|Win32
		{C34DBDF0-2354-4D92-B6FE-87345CCBE986}.Release|x86.Build.0 = Release|Win32
	EndGlobalSection
	GlobalSection(SolutionProperties) = preSolution
		HideSolutionNode = FALSE
	EndGlobalSection
	GlobalSection(ExtensibilityGlobals) = postSolution
		SolutionGuid = {57065C3B-B8FF-4C4B-B0EE-780975C29E21}
	EndGlobalSection
EndGlobal
