
Microsoft Visual Studio Solution File, Format Version 12.00
# Visual Studio Version 17
VisualStudioVersion = 17.7.34009.444
MinimumVisualStudioVersion = 10.0.40219.1
Project("{FAE04EC0-301F-11D3-BF4B-00C04F79EFBC}") = "22-2", "22-2\22-2.csproj", "{FF3EC18D-5F21-4D16-89B2-075C3E120579}"
EndProject
Global
	GlobalSection(SolutionConfigurationPlatforms) = preSolution
		Debug|Any CPU = Debug|Any CPU
		Release|Any CPU = Release|Any CPU
	EndGlobalSection
	GlobalSection(ProjectConfigurationPlatforms) = postSolution
		{FF3EC18D-5F21-4D16-89B2-075C3E120579}.Debug|Any CPU.ActiveCfg = Debug|Any CPU
		{FF3EC18D-5F21-4D16-89B2-075C3E120579}.Debug|Any CPU.Build.0 = Debug|Any CPU
		{FF3EC18D-5F21-4D16-89B2-075C3E120579}.Release|Any CPU.ActiveCfg = Release|Any CPU
		{FF3EC18D-5F21-4D16-89B2-075C3E120579}.Release|Any CPU.Build.0 = Release|Any CPU
	EndGlobalSection
	GlobalSection(SolutionProperties) = preSolution
		HideSolutionNode = FALSE
	EndGlobalSection
	GlobalSection(ExtensibilityGlobals) = postSolution
		SolutionGuid = {882F4CD1-C4A7-4397-8B1D-FD6197B39B7F}
	EndGlobalSection
EndGlobal
