
Microsoft Visual Studio Solution File, Format Version 12.00
# Visual Studio Version 17
VisualStudioVersion = 17.5.002.0
MinimumVisualStudioVersion = 10.0.40219.1
Project("{2150E333-8FDC-42A3-9474-1A3956D46DE8}") = "2", "2", "{57AF6C23-769B-4F1D-AD57-01C313BC8B9F}"
EndProject
Project("{9A19103F-16F7-4668-BE54-9A1E7A4F7556}") = "FilmAPI", "2\FilmAPI\FilmAPI.csproj", "{63D0D35C-28EE-4415-97CD-4648086B3F18}"
EndProject
Global
	GlobalSection(SolutionConfigurationPlatforms) = preSolution
		Debug|Any CPU = Debug|Any CPU
		Release|Any CPU = Release|Any CPU
	EndGlobalSection
	GlobalSection(ProjectConfigurationPlatforms) = postSolution
		{63D0D35C-28EE-4415-97CD-4648086B3F18}.Debug|Any CPU.ActiveCfg = Debug|Any CPU
		{63D0D35C-28EE-4415-97CD-4648086B3F18}.Debug|Any CPU.Build.0 = Debug|Any CPU
		{63D0D35C-28EE-4415-97CD-4648086B3F18}.Release|Any CPU.ActiveCfg = Release|Any CPU
		{63D0D35C-28EE-4415-97CD-4648086B3F18}.Release|Any CPU.Build.0 = Release|Any CPU
	EndGlobalSection
	GlobalSection(SolutionProperties) = preSolution
		HideSolutionNode = FALSE
	EndGlobalSection
	GlobalSection(NestedProjects) = preSolution
		{63D0D35C-28EE-4415-97CD-4648086B3F18} = {57AF6C23-769B-4F1D-AD57-01C313BC8B9F}
	EndGlobalSection
	GlobalSection(ExtensibilityGlobals) = postSolution
		SolutionGuid = {0A916611-1686-4093-83B6-44BFA3C5B6A5}
	EndGlobalSection
EndGlobal
